
Microsoft Visual Studio Solution File, Format Version 12.00
# Visual Studio 15
VisualStudioVersion = 15.0.26430.6
MinimumVisualStudioVersion = 10.0.40219.1
Project("{2150E333-8FDC-42A3-9474-1A3956D46DE8}") = "1. Clientes", "1. Clientes", "{E69A69A4-755B-4369-8EFE-4F863AB0C239}"
EndProject
Project("{2150E333-8FDC-42A3-9474-1A3956D46DE8}") = "2. Aplicacion", "2. Aplicacion", "{8AA27F89-5B1F-474A-A328-034B93EF8B2D}"
EndProject
Project("{2150E333-8FDC-42A3-9474-1A3956D46DE8}") = "3. Common", "3. Common", "{570266CA-D3F4-4AC7-91A9-EBD895163672}"
EndProject
Project("{2150E333-8FDC-42A3-9474-1A3956D46DE8}") = "2.1 Servicios Distribuidos", "2.1 Servicios Distribuidos", "{3BAA7E87-0F54-4C40-A528-3F93E3B67EEE}"
EndProject
Project("{2150E333-8FDC-42A3-9474-1A3956D46DE8}") = "2.2 Servicios de Lectura", "2.2 Servicios de Lectura", "{DE85A4BF-1297-461B-8DBE-D522172C83A9}"
EndProject
Project("{2150E333-8FDC-42A3-9474-1A3956D46DE8}") = "2.3 Servicios de Escritura", "2.3 Servicios de Escritura", "{F8035D8B-5601-432E-9178-121DD090E26F}"
EndProject
Project("{2150E333-8FDC-42A3-9474-1A3956D46DE8}") = "2.4 Dominio", "2.4 Dominio", "{96829930-CDBA-49D7-852C-E005E0F672DF}"
EndProject
Project("{2150E333-8FDC-42A3-9474-1A3956D46DE8}") = "2.5 Data", "2.5 Data", "{337A37E7-EAF8-44B9-BDC0-11DB8114AB0B}"
EndProject
Project("{2150E333-8FDC-42A3-9474-1A3956D46DE8}") = "1.1. Web", "1.1. Web", "{7C2E90E5-F13E-4B99-8CAE-86BD51F77A9F}"
EndProject
Project("{2150E333-8FDC-42A3-9474-1A3956D46DE8}") = "1.2. Agentes de Servicio", "1.2. Agentes de Servicio", "{7D675A4F-EA93-482F-A556-AFD76692A298}"
EndProject
Project("{FAE04EC0-301F-11D3-BF4B-00C04F79EFBC}") = "Web.Common", "common\Web.Common\Web.Common.csproj", "{75BF4063-06E1-4D68-987E-8B1C8148B733}"
EndProject
Project("{FAE04EC0-301F-11D3-BF4B-00C04F79EFBC}") = "ServiceAgents.Common", "common\ServiceAgents.Common\ServiceAgents.Common.csproj", "{9BE04C93-BD52-4677-A597-9A4E81CD93E9}"
EndProject
Project("{FAE04EC0-301F-11D3-BF4B-00C04F79EFBC}") = "DistributedServices.Common", "common\DistributedServices.Common\DistributedServices.Common.csproj", "{824F74E6-EA23-402C-B426-93C730D81EE2}"
EndProject
Project("{FAE04EC0-301F-11D3-BF4B-00C04F79EFBC}") = "QueryContracts.Common", "common\QueryContracts.Common\QueryContracts.Common.csproj", "{BFB51524-32B0-4478-A18B-47614662BF40}"
EndProject
Project("{FAE04EC0-301F-11D3-BF4B-00C04F79EFBC}") = "QueryHandlers.Common", "common\QueryHandlers.Common\QueryHandlers.Common.csproj", "{BFB18C30-8936-46E5-88EF-E5A1C81340C3}"
EndProject
Project("{FAE04EC0-301F-11D3-BF4B-00C04F79EFBC}") = "CommandContracts.Common", "common\CommandContracts.Common\CommandContracts.Common.csproj", "{36FC69E7-E42A-4067-8339-F2D24D1C3317}"
EndProject
Project("{FAE04EC0-301F-11D3-BF4B-00C04F79EFBC}") = "CommandHandlers.Common", "common\CommandHandlers.Common\CommandHandlers.Common.csproj", "{C29044A3-229C-465F-A735-A58BA658F834}"
EndProject
Project("{FAE04EC0-301F-11D3-BF4B-00C04F79EFBC}") = "Domain.Common", "common\Domain.Common\Domain.Common.csproj", "{4457E134-43E4-4C32-992E-600DC005AC26}"
EndProject
Project("{FAE04EC0-301F-11D3-BF4B-00C04F79EFBC}") = "Data.Common", "common\Data.Common\Data.Common.csproj", "{E40586B8-DA89-41E5-888F-38AA6D7D9E58}"
EndProject
Project("{FAE04EC0-301F-11D3-BF4B-00C04F79EFBC}") = "Bootstrapper.Wcf.Common", "common\Bootstrapper.Wcf.Common\Bootstrapper.Wcf.Common.csproj", "{BFCCCFE6-E0B2-46DD-B7DD-029ED09E233B}"
EndProject
Project("{FAE04EC0-301F-11D3-BF4B-00C04F79EFBC}") = "Bootstrapper.Web.Common", "common\Bootstrapper.Web.Common\Bootstrapper.Web.Common.csproj", "{567C90FD-96AC-479A-8FC1-38F809281422}"
EndProject
Project("{FAE04EC0-301F-11D3-BF4B-00C04F79EFBC}") = "Infraestructure.Common", "common\Infraestructure.Common\Infraestructure.Common.csproj", "{73458842-A8D2-4488-8EF0-DB3763D05CC2}"
EndProject
Project("{FAE04EC0-301F-11D3-BF4B-00C04F79EFBC}") = "WindowsService.Common", "common\WindowsService.Common\WindowsService.Common.csproj", "{CEC73337-84E4-47D2-9764-300937030CD3}"
EndProject
Project("{FAE04EC0-301F-11D3-BF4B-00C04F79EFBC}") = "Seguridad.Common", "common\Seguridad.Common\Seguridad.Common.csproj", "{3B51A513-65F7-4255-9AE6-3BD035E2F616}"
EndProject
Project("{2150E333-8FDC-42A3-9474-1A3956D46DE8}") = "3.2. Agentes de Servicio", "3.2. Agentes de Servicio", "{2D339E20-CECA-4EDF-AA18-304F9547CA6C}"
EndProject
Project("{2150E333-8FDC-42A3-9474-1A3956D46DE8}") = "3.1. Web", "3.1. Web", "{59600402-868E-4CA7-B900-80FA2988640F}"
EndProject
Project("{2150E333-8FDC-42A3-9474-1A3956D46DE8}") = "3.3. Servicios Distribuidos", "3.3. Servicios Distribuidos", "{064CEB3B-EAD4-421E-9C8C-A61DEEDFDE02}"
EndProject
Project("{2150E333-8FDC-42A3-9474-1A3956D46DE8}") = "3.5. Servicios de Escritura", "3.5. Servicios de Escritura", "{F1A55FF3-5B71-48F6-A317-099CAAA9F8C1}"
EndProject
Project("{2150E333-8FDC-42A3-9474-1A3956D46DE8}") = "3.4. Servicios de Lectura", "3.4. Servicios de Lectura", "{93137FB6-C9FC-4CF1-89C8-C8215FAB45E7}"
EndProject
Project("{2150E333-8FDC-42A3-9474-1A3956D46DE8}") = "3.6. Dominio", "3.6. Dominio", "{15A9ADDD-7F9A-4627-90CE-39DDBE05C40A}"
EndProject
Project("{2150E333-8FDC-42A3-9474-1A3956D46DE8}") = "3.7. Data", "3.7. Data", "{9730BDA6-FCF5-4CB4-B965-618DC5B47534}"
EndProject
Project("{2150E333-8FDC-42A3-9474-1A3956D46DE8}") = "3.8. Infraestructura", "3.8. Infraestructura", "{0861A444-8440-4E00-8001-A55721368912}"
EndProject
Project("{2150E333-8FDC-42A3-9474-1A3956D46DE8}") = "3.9. Seguridad", "3.9. Seguridad", "{B41E3424-C510-4313-8AB8-623913B72C55}"
EndProject
Project("{FAE04EC0-301F-11D3-BF4B-00C04F79EFBC}") = "Componentes.Common", "common\Componentes.Common\Componentes.Common.csproj", "{4241025F-7510-4F6B-85E0-93FAF0DEF80C}"
EndProject
Project("{FAE04EC0-301F-11D3-BF4B-00C04F79EFBC}") = "Data.Smartway", "app\Data.Smartway\Data.Smartway.csproj", "{B9996B4F-98B4-4829-BA6C-366C51AC0878}"
EndProject
Project("{FAE04EC0-301F-11D3-BF4B-00C04F79EFBC}") = "Domain.Smartway", "app\Domain.Smartway\Domain.Smartway.csproj", "{0C8FE053-4E91-43A3-BB9D-2B05616A4727}"
EndProject
Project("{FAE04EC0-301F-11D3-BF4B-00C04F79EFBC}") = "CommandHandlers.Smartway", "app\CommandHandlers.Smartway\CommandHandlers.Smartway.csproj", "{E1AC109D-3378-41A0-A482-3BABE806BF86}"
EndProject
Project("{FAE04EC0-301F-11D3-BF4B-00C04F79EFBC}") = "CommandContracts.Smartway", "app\CommandContracts.Smartway\CommandContracts.Smartway.csproj", "{7C245284-569D-4B41-80E9-57631AD40663}"
EndProject
Project("{FAE04EC0-301F-11D3-BF4B-00C04F79EFBC}") = "QueryHandlers.Smartway", "app\QueryHandlers.Smartway\QueryHandlers.Smartway.csproj", "{C2BF2EF0-C3CB-4ACD-BA95-6599174A4696}"
EndProject
Project("{FAE04EC0-301F-11D3-BF4B-00C04F79EFBC}") = "QueryContracts.Smartway", "app\QueryContracts.Smartway\QueryContracts.Smartway.csproj", "{FF23EECF-E4DA-465A-A44B-442077195B08}"
EndProject
Project("{FAE04EC0-301F-11D3-BF4B-00C04F79EFBC}") = "DistributedServices.Smartway", "app\DistributedServices.Smartway\DistributedServices.Smartway.csproj", "{9073489D-FFC8-437E-9077-8699382A81E2}"
EndProject
Project("{FAE04EC0-301F-11D3-BF4B-00C04F79EFBC}") = "Web.Smartway", "web\Web.Smartway\Web.Smartway.csproj", "{FA5F0B9B-0FB5-4A0F-BAD8-28548705333E}"
EndProject
Project("{FAE04EC0-301F-11D3-BF4B-00C04F79EFBC}") = "ServiceAgents.Smartway", "web\ServiceAgents.Smartway\ServiceAgents.Smartway.csproj", "{44761257-DC54-4C5A-A838-480B25D2E355}"
EndProject
Global
	GlobalSection(SolutionConfigurationPlatforms) = preSolution
		Debug|Any CPU = Debug|Any CPU
		Release|Any CPU = Release|Any CPU
	EndGlobalSection
	GlobalSection(ProjectConfigurationPlatforms) = postSolution
		{75BF4063-06E1-4D68-987E-8B1C8148B733}.Debug|Any CPU.ActiveCfg = Debug|Any CPU
		{75BF4063-06E1-4D68-987E-8B1C8148B733}.Debug|Any CPU.Build.0 = Debug|Any CPU
		{75BF4063-06E1-4D68-987E-8B1C8148B733}.Release|Any CPU.ActiveCfg = Release|Any CPU
		{75BF4063-06E1-4D68-987E-8B1C8148B733}.Release|Any CPU.Build.0 = Release|Any CPU
		{9BE04C93-BD52-4677-A597-9A4E81CD93E9}.Debug|Any CPU.ActiveCfg = Debug|Any CPU
		{9BE04C93-BD52-4677-A597-9A4E81CD93E9}.Debug|Any CPU.Build.0 = Debug|Any CPU
		{9BE04C93-BD52-4677-A597-9A4E81CD93E9}.Release|Any CPU.ActiveCfg = Release|Any CPU
		{9BE04C93-BD52-4677-A597-9A4E81CD93E9}.Release|Any CPU.Build.0 = Release|Any CPU
		{824F74E6-EA23-402C-B426-93C730D81EE2}.Debug|Any CPU.ActiveCfg = Debug|Any CPU
		{824F74E6-EA23-402C-B426-93C730D81EE2}.Debug|Any CPU.Build.0 = Debug|Any CPU
		{824F74E6-EA23-402C-B426-93C730D81EE2}.Release|Any CPU.ActiveCfg = Release|Any CPU
		{824F74E6-EA23-402C-B426-93C730D81EE2}.Release|Any CPU.Build.0 = Release|Any CPU
		{BFB51524-32B0-4478-A18B-47614662BF40}.Debug|Any CPU.ActiveCfg = Debug|Any CPU
		{BFB51524-32B0-4478-A18B-47614662BF40}.Debug|Any CPU.Build.0 = Debug|Any CPU
		{BFB51524-32B0-4478-A18B-47614662BF40}.Release|Any CPU.ActiveCfg = Release|Any CPU
		{BFB51524-32B0-4478-A18B-47614662BF40}.Release|Any CPU.Build.0 = Release|Any CPU
		{BFB18C30-8936-46E5-88EF-E5A1C81340C3}.Debug|Any CPU.ActiveCfg = Debug|Any CPU
		{BFB18C30-8936-46E5-88EF-E5A1C81340C3}.Debug|Any CPU.Build.0 = Debug|Any CPU
		{BFB18C30-8936-46E5-88EF-E5A1C81340C3}.Release|Any CPU.ActiveCfg = Release|Any CPU
		{BFB18C30-8936-46E5-88EF-E5A1C81340C3}.Release|Any CPU.Build.0 = Release|Any CPU
		{36FC69E7-E42A-4067-8339-F2D24D1C3317}.Debug|Any CPU.ActiveCfg = Debug|Any CPU
		{36FC69E7-E42A-4067-8339-F2D24D1C3317}.Debug|Any CPU.Build.0 = Debug|Any CPU
		{36FC69E7-E42A-4067-8339-F2D24D1C3317}.Release|Any CPU.ActiveCfg = Release|Any CPU
		{36FC69E7-E42A-4067-8339-F2D24D1C3317}.Release|Any CPU.Build.0 = Release|Any CPU
		{C29044A3-229C-465F-A735-A58BA658F834}.Debug|Any CPU.ActiveCfg = Debug|Any CPU
		{C29044A3-229C-465F-A735-A58BA658F834}.Debug|Any CPU.Build.0 = Debug|Any CPU
		{C29044A3-229C-465F-A735-A58BA658F834}.Release|Any CPU.ActiveCfg = Release|Any CPU
		{C29044A3-229C-465F-A735-A58BA658F834}.Release|Any CPU.Build.0 = Release|Any CPU
		{4457E134-43E4-4C32-992E-600DC005AC26}.Debug|Any CPU.ActiveCfg = Debug|Any CPU
		{4457E134-43E4-4C32-992E-600DC005AC26}.Debug|Any CPU.Build.0 = Debug|Any CPU
		{4457E134-43E4-4C32-992E-600DC005AC26}.Release|Any CPU.ActiveCfg = Release|Any CPU
		{4457E134-43E4-4C32-992E-600DC005AC26}.Release|Any CPU.Build.0 = Release|Any CPU
		{E40586B8-DA89-41E5-888F-38AA6D7D9E58}.Debug|Any CPU.ActiveCfg = Debug|Any CPU
		{E40586B8-DA89-41E5-888F-38AA6D7D9E58}.Debug|Any CPU.Build.0 = Debug|Any CPU
		{E40586B8-DA89-41E5-888F-38AA6D7D9E58}.Release|Any CPU.ActiveCfg = Release|Any CPU
		{E40586B8-DA89-41E5-888F-38AA6D7D9E58}.Release|Any CPU.Build.0 = Release|Any CPU
		{BFCCCFE6-E0B2-46DD-B7DD-029ED09E233B}.Debug|Any CPU.ActiveCfg = Debug|Any CPU
		{BFCCCFE6-E0B2-46DD-B7DD-029ED09E233B}.Debug|Any CPU.Build.0 = Debug|Any CPU
		{BFCCCFE6-E0B2-46DD-B7DD-029ED09E233B}.Release|Any CPU.ActiveCfg = Release|Any CPU
		{BFCCCFE6-E0B2-46DD-B7DD-029ED09E233B}.Release|Any CPU.Build.0 = Release|Any CPU
		{567C90FD-96AC-479A-8FC1-38F809281422}.Debug|Any CPU.ActiveCfg = Debug|Any CPU
		{567C90FD-96AC-479A-8FC1-38F809281422}.Debug|Any CPU.Build.0 = Debug|Any CPU
		{567C90FD-96AC-479A-8FC1-38F809281422}.Release|Any CPU.ActiveCfg = Release|Any CPU
		{567C90FD-96AC-479A-8FC1-38F809281422}.Release|Any CPU.Build.0 = Release|Any CPU
		{73458842-A8D2-4488-8EF0-DB3763D05CC2}.Debug|Any CPU.ActiveCfg = Debug|Any CPU
		{73458842-A8D2-4488-8EF0-DB3763D05CC2}.Debug|Any CPU.Build.0 = Debug|Any CPU
		{73458842-A8D2-4488-8EF0-DB3763D05CC2}.Release|Any CPU.ActiveCfg = Release|Any CPU
		{73458842-A8D2-4488-8EF0-DB3763D05CC2}.Release|Any CPU.Build.0 = Release|Any CPU
		{CEC73337-84E4-47D2-9764-300937030CD3}.Debug|Any CPU.ActiveCfg = Debug|Any CPU
		{CEC73337-84E4-47D2-9764-300937030CD3}.Debug|Any CPU.Build.0 = Debug|Any CPU
		{CEC73337-84E4-47D2-9764-300937030CD3}.Release|Any CPU.ActiveCfg = Release|Any CPU
		{CEC73337-84E4-47D2-9764-300937030CD3}.Release|Any CPU.Build.0 = Release|Any CPU
		{3B51A513-65F7-4255-9AE6-3BD035E2F616}.Debug|Any CPU.ActiveCfg = Debug|Any CPU
		{3B51A513-65F7-4255-9AE6-3BD035E2F616}.Debug|Any CPU.Build.0 = Debug|Any CPU
		{3B51A513-65F7-4255-9AE6-3BD035E2F616}.Release|Any CPU.ActiveCfg = Release|Any CPU
		{3B51A513-65F7-4255-9AE6-3BD035E2F616}.Release|Any CPU.Build.0 = Release|Any CPU
		{4241025F-7510-4F6B-85E0-93FAF0DEF80C}.Debug|Any CPU.ActiveCfg = Debug|Any CPU
		{4241025F-7510-4F6B-85E0-93FAF0DEF80C}.Debug|Any CPU.Build.0 = Debug|Any CPU
		{4241025F-7510-4F6B-85E0-93FAF0DEF80C}.Release|Any CPU.ActiveCfg = Release|Any CPU
		{4241025F-7510-4F6B-85E0-93FAF0DEF80C}.Release|Any CPU.Build.0 = Release|Any CPU
		{B9996B4F-98B4-4829-BA6C-366C51AC0878}.Debug|Any CPU.ActiveCfg = Debug|Any CPU
		{B9996B4F-98B4-4829-BA6C-366C51AC0878}.Debug|Any CPU.Build.0 = Debug|Any CPU
		{B9996B4F-98B4-4829-BA6C-366C51AC0878}.Release|Any CPU.ActiveCfg = Release|Any CPU
		{B9996B4F-98B4-4829-BA6C-366C51AC0878}.Release|Any CPU.Build.0 = Release|Any CPU
		{0C8FE053-4E91-43A3-BB9D-2B05616A4727}.Debug|Any CPU.ActiveCfg = Debug|Any CPU
		{0C8FE053-4E91-43A3-BB9D-2B05616A4727}.Debug|Any CPU.Build.0 = Debug|Any CPU
		{0C8FE053-4E91-43A3-BB9D-2B05616A4727}.Release|Any CPU.ActiveCfg = Release|Any CPU
		{0C8FE053-4E91-43A3-BB9D-2B05616A4727}.Release|Any CPU.Build.0 = Release|Any CPU
		{E1AC109D-3378-41A0-A482-3BABE806BF86}.Debug|Any CPU.ActiveCfg = Debug|Any CPU
		{E1AC109D-3378-41A0-A482-3BABE806BF86}.Debug|Any CPU.Build.0 = Debug|Any CPU
		{E1AC109D-3378-41A0-A482-3BABE806BF86}.Release|Any CPU.ActiveCfg = Release|Any CPU
		{E1AC109D-3378-41A0-A482-3BABE806BF86}.Release|Any CPU.Build.0 = Release|Any CPU
		{7C245284-569D-4B41-80E9-57631AD40663}.Debug|Any CPU.ActiveCfg = Debug|Any CPU
		{7C245284-569D-4B41-80E9-57631AD40663}.Debug|Any CPU.Build.0 = Debug|Any CPU
		{7C245284-569D-4B41-80E9-57631AD40663}.Release|Any CPU.ActiveCfg = Release|Any CPU
		{7C245284-569D-4B41-80E9-57631AD40663}.Release|Any CPU.Build.0 = Release|Any CPU
		{C2BF2EF0-C3CB-4ACD-BA95-6599174A4696}.Debug|Any CPU.ActiveCfg = Debug|Any CPU
		{C2BF2EF0-C3CB-4ACD-BA95-6599174A4696}.Debug|Any CPU.Build.0 = Debug|Any CPU
		{C2BF2EF0-C3CB-4ACD-BA95-6599174A4696}.Release|Any CPU.ActiveCfg = Release|Any CPU
		{C2BF2EF0-C3CB-4ACD-BA95-6599174A4696}.Release|Any CPU.Build.0 = Release|Any CPU
		{FF23EECF-E4DA-465A-A44B-442077195B08}.Debug|Any CPU.ActiveCfg = Debug|Any CPU
		{FF23EECF-E4DA-465A-A44B-442077195B08}.Debug|Any CPU.Build.0 = Debug|Any CPU
		{FF23EECF-E4DA-465A-A44B-442077195B08}.Release|Any CPU.ActiveCfg = Release|Any CPU
		{FF23EECF-E4DA-465A-A44B-442077195B08}.Release|Any CPU.Build.0 = Release|Any CPU
		{9073489D-FFC8-437E-9077-8699382A81E2}.Debug|Any CPU.ActiveCfg = Debug|Any CPU
		{9073489D-FFC8-437E-9077-8699382A81E2}.Debug|Any CPU.Build.0 = Debug|Any CPU
		{9073489D-FFC8-437E-9077-8699382A81E2}.Release|Any CPU.ActiveCfg = Release|Any CPU
		{9073489D-FFC8-437E-9077-8699382A81E2}.Release|Any CPU.Build.0 = Release|Any CPU
		{FA5F0B9B-0FB5-4A0F-BAD8-28548705333E}.Debug|Any CPU.ActiveCfg = Debug|Any CPU
		{FA5F0B9B-0FB5-4A0F-BAD8-28548705333E}.Debug|Any CPU.Build.0 = Debug|Any CPU
		{FA5F0B9B-0FB5-4A0F-BAD8-28548705333E}.Release|Any CPU.ActiveCfg = Release|Any CPU
		{FA5F0B9B-0FB5-4A0F-BAD8-28548705333E}.Release|Any CPU.Build.0 = Release|Any CPU
		{44761257-DC54-4C5A-A838-480B25D2E355}.Debug|Any CPU.ActiveCfg = Debug|Any CPU
		{44761257-DC54-4C5A-A838-480B25D2E355}.Debug|Any CPU.Build.0 = Debug|Any CPU
		{44761257-DC54-4C5A-A838-480B25D2E355}.Release|Any CPU.ActiveCfg = Release|Any CPU
		{44761257-DC54-4C5A-A838-480B25D2E355}.Release|Any CPU.Build.0 = Release|Any CPU
	EndGlobalSection
	GlobalSection(SolutionProperties) = preSolution
		HideSolutionNode = FALSE
	EndGlobalSection
	GlobalSection(NestedProjects) = preSolution
		{3BAA7E87-0F54-4C40-A528-3F93E3B67EEE} = {8AA27F89-5B1F-474A-A328-034B93EF8B2D}
		{DE85A4BF-1297-461B-8DBE-D522172C83A9} = {8AA27F89-5B1F-474A-A328-034B93EF8B2D}
		{F8035D8B-5601-432E-9178-121DD090E26F} = {8AA27F89-5B1F-474A-A328-034B93EF8B2D}
		{96829930-CDBA-49D7-852C-E005E0F672DF} = {8AA27F89-5B1F-474A-A328-034B93EF8B2D}
		{337A37E7-EAF8-44B9-BDC0-11DB8114AB0B} = {8AA27F89-5B1F-474A-A328-034B93EF8B2D}
		{7C2E90E5-F13E-4B99-8CAE-86BD51F77A9F} = {E69A69A4-755B-4369-8EFE-4F863AB0C239}
		{7D675A4F-EA93-482F-A556-AFD76692A298} = {E69A69A4-755B-4369-8EFE-4F863AB0C239}
		{75BF4063-06E1-4D68-987E-8B1C8148B733} = {59600402-868E-4CA7-B900-80FA2988640F}
		{9BE04C93-BD52-4677-A597-9A4E81CD93E9} = {2D339E20-CECA-4EDF-AA18-304F9547CA6C}
		{824F74E6-EA23-402C-B426-93C730D81EE2} = {064CEB3B-EAD4-421E-9C8C-A61DEEDFDE02}
		{BFB51524-32B0-4478-A18B-47614662BF40} = {93137FB6-C9FC-4CF1-89C8-C8215FAB45E7}
		{BFB18C30-8936-46E5-88EF-E5A1C81340C3} = {93137FB6-C9FC-4CF1-89C8-C8215FAB45E7}
		{36FC69E7-E42A-4067-8339-F2D24D1C3317} = {F1A55FF3-5B71-48F6-A317-099CAAA9F8C1}
		{C29044A3-229C-465F-A735-A58BA658F834} = {F1A55FF3-5B71-48F6-A317-099CAAA9F8C1}
		{4457E134-43E4-4C32-992E-600DC005AC26} = {15A9ADDD-7F9A-4627-90CE-39DDBE05C40A}
		{E40586B8-DA89-41E5-888F-38AA6D7D9E58} = {9730BDA6-FCF5-4CB4-B965-618DC5B47534}
		{BFCCCFE6-E0B2-46DD-B7DD-029ED09E233B} = {0861A444-8440-4E00-8001-A55721368912}
		{567C90FD-96AC-479A-8FC1-38F809281422} = {0861A444-8440-4E00-8001-A55721368912}
		{73458842-A8D2-4488-8EF0-DB3763D05CC2} = {0861A444-8440-4E00-8001-A55721368912}
		{CEC73337-84E4-47D2-9764-300937030CD3} = {0861A444-8440-4E00-8001-A55721368912}
		{3B51A513-65F7-4255-9AE6-3BD035E2F616} = {B41E3424-C510-4313-8AB8-623913B72C55}
		{2D339E20-CECA-4EDF-AA18-304F9547CA6C} = {570266CA-D3F4-4AC7-91A9-EBD895163672}
		{59600402-868E-4CA7-B900-80FA2988640F} = {570266CA-D3F4-4AC7-91A9-EBD895163672}
		{064CEB3B-EAD4-421E-9C8C-A61DEEDFDE02} = {570266CA-D3F4-4AC7-91A9-EBD895163672}
		{F1A55FF3-5B71-48F6-A317-099CAAA9F8C1} = {570266CA-D3F4-4AC7-91A9-EBD895163672}
		{93137FB6-C9FC-4CF1-89C8-C8215FAB45E7} = {570266CA-D3F4-4AC7-91A9-EBD895163672}
		{15A9ADDD-7F9A-4627-90CE-39DDBE05C40A} = {570266CA-D3F4-4AC7-91A9-EBD895163672}
		{9730BDA6-FCF5-4CB4-B965-618DC5B47534} = {570266CA-D3F4-4AC7-91A9-EBD895163672}
		{0861A444-8440-4E00-8001-A55721368912} = {570266CA-D3F4-4AC7-91A9-EBD895163672}
		{B41E3424-C510-4313-8AB8-623913B72C55} = {570266CA-D3F4-4AC7-91A9-EBD895163672}
		{4241025F-7510-4F6B-85E0-93FAF0DEF80C} = {59600402-868E-4CA7-B900-80FA2988640F}
		{B9996B4F-98B4-4829-BA6C-366C51AC0878} = {337A37E7-EAF8-44B9-BDC0-11DB8114AB0B}
		{0C8FE053-4E91-43A3-BB9D-2B05616A4727} = {96829930-CDBA-49D7-852C-E005E0F672DF}
		{E1AC109D-3378-41A0-A482-3BABE806BF86} = {F8035D8B-5601-432E-9178-121DD090E26F}
		{7C245284-569D-4B41-80E9-57631AD40663} = {F8035D8B-5601-432E-9178-121DD090E26F}
		{C2BF2EF0-C3CB-4ACD-BA95-6599174A4696} = {DE85A4BF-1297-461B-8DBE-D522172C83A9}
		{FF23EECF-E4DA-465A-A44B-442077195B08} = {DE85A4BF-1297-461B-8DBE-D522172C83A9}
		{9073489D-FFC8-437E-9077-8699382A81E2} = {3BAA7E87-0F54-4C40-A528-3F93E3B67EEE}
		{FA5F0B9B-0FB5-4A0F-BAD8-28548705333E} = {7C2E90E5-F13E-4B99-8CAE-86BD51F77A9F}
		{44761257-DC54-4C5A-A838-480B25D2E355} = {7D675A4F-EA93-482F-A556-AFD76692A298}
	EndGlobalSection
	GlobalSection(TeamFoundationVersionControl) = preSolution
		SccNumberOfProjects = 25
		SccEnterpriseProvider = {4CA58AB2-18FA-4F8D-95D4-32DDF27D184C}
		SccTeamFoundationServer = https://riaserver.visualstudio.com/
		SccLocalPath0 = .
		SccProjectUniqueName1 = app\\CommandContracts.Smartway\\CommandContracts.Smartway.csproj
		SccProjectTopLevelParentUniqueName1 = Smartway.sln
		SccProjectName1 = app/CommandContracts.Smartway
		SccLocalPath1 = app\\CommandContracts.Smartway
		SccProjectUniqueName2 = app\\CommandHandlers.Smartway\\CommandHandlers.Smartway.csproj
		SccProjectTopLevelParentUniqueName2 = Smartway.sln
		SccProjectName2 = app/CommandHandlers.Smartway
		SccLocalPath2 = app\\CommandHandlers.Smartway
		SccProjectUniqueName3 = app\\Data.Smartway\\Data.Smartway.csproj
		SccProjectTopLevelParentUniqueName3 = Smartway.sln
		SccProjectName3 = app/Data.Smartway
		SccLocalPath3 = app\\Data.Smartway
		SccProjectUniqueName4 = app\\DistributedServices.Smartway\\DistributedServices.Smartway.csproj
		SccProjectTopLevelParentUniqueName4 = Smartway.sln
		SccProjectName4 = app/DistributedServices.Smartway
		SccLocalPath4 = app\\DistributedServices.Smartway
		SccProjectUniqueName5 = app\\Domain.Smartway\\Domain.Smartway.csproj
		SccProjectTopLevelParentUniqueName5 = Smartway.sln
		SccProjectName5 = app/Domain.Smartway
		SccLocalPath5 = app\\Domain.Smartway
		SccProjectUniqueName6 = app\\QueryContracts.Smartway\\QueryContracts.Smartway.csproj
		SccProjectTopLevelParentUniqueName6 = Smartway.sln
		SccProjectName6 = app/QueryContracts.Smartway
		SccLocalPath6 = app\\QueryContracts.Smartway
		SccProjectUniqueName7 = app\\QueryHandlers.Smartway\\QueryHandlers.Smartway.csproj
		SccProjectTopLevelParentUniqueName7 = Smartway.sln
		SccProjectName7 = app/QueryHandlers.Smartway
		SccLocalPath7 = app\\QueryHandlers.Smartway
		SccProjectUniqueName8 = common\\Bootstrapper.Wcf.Common\\Bootstrapper.Wcf.Common.csproj
		SccProjectTopLevelParentUniqueName8 = Smartway.sln
		SccProjectName8 = common/Bootstrapper.Wcf.Common
		SccLocalPath8 = common\\Bootstrapper.Wcf.Common
		SccProjectUniqueName9 = common\\Bootstrapper.Web.Common\\Bootstrapper.Web.Common.csproj
		SccProjectTopLevelParentUniqueName9 = Smartway.sln
		SccProjectName9 = common/Bootstrapper.Web.Common
		SccLocalPath9 = common\\Bootstrapper.Web.Common
		SccProjectUniqueName10 = common\\CommandContracts.Common\\CommandContracts.Common.csproj
		SccProjectTopLevelParentUniqueName10 = Smartway.sln
		SccProjectName10 = common/CommandContracts.Common
		SccLocalPath10 = common\\CommandContracts.Common
		SccProjectUniqueName11 = common\\CommandHandlers.Common\\CommandHandlers.Common.csproj
		SccProjectTopLevelParentUniqueName11 = Smartway.sln
		SccProjectName11 = common/CommandHandlers.Common
		SccLocalPath11 = common\\CommandHandlers.Common
		SccProjectUniqueName12 = common\\Componentes.Common\\Componentes.Common.csproj
		SccProjectTopLevelParentUniqueName12 = Smartway.sln
		SccProjectName12 = common/Componentes.Common
		SccLocalPath12 = common\\Componentes.Common
		SccProjectUniqueName13 = common\\Data.Common\\Data.Common.csproj
		SccProjectTopLevelParentUniqueName13 = Smartway.sln
		SccProjectName13 = common/Data.Common
		SccLocalPath13 = common\\Data.Common
		SccProjectUniqueName14 = common\\DistributedServices.Common\\DistributedServices.Common.csproj
		SccProjectTopLevelParentUniqueName14 = Smartway.sln
		SccProjectName14 = common/DistributedServices.Common
		SccLocalPath14 = common\\DistributedServices.Common
		SccProjectUniqueName15 = common\\Domain.Common\\Domain.Common.csproj
		SccProjectTopLevelParentUniqueName15 = Smartway.sln
		SccProjectName15 = common/Domain.Common
		SccLocalPath15 = common\\Domain.Common
		SccProjectUniqueName16 = common\\Infraestructure.Common\\Infraestructure.Common.csproj
		SccProjectTopLevelParentUniqueName16 = Smartway.sln
		SccProjectName16 = common/Infraestructure.Common
		SccLocalPath16 = common\\Infraestructure.Common
		SccProjectUniqueName17 = common\\QueryContracts.Common\\QueryContracts.Common.csproj
		SccProjectTopLevelParentUniqueName17 = Smartway.sln
		SccProjectName17 = common/QueryContracts.Common
		SccLocalPath17 = common\\QueryContracts.Common
		SccProjectUniqueName18 = common\\QueryHandlers.Common\\QueryHandlers.Common.csproj
		SccProjectTopLevelParentUniqueName18 = Smartway.sln
		SccProjectName18 = common/QueryHandlers.Common
		SccLocalPath18 = common\\QueryHandlers.Common
		SccProjectUniqueName19 = common\\Seguridad.Common\\Seguridad.Common.csproj
		SccProjectTopLevelParentUniqueName19 = Smartway.sln
		SccProjectName19 = common/Seguridad.Common
		SccLocalPath19 = common\\Seguridad.Common
		SccProjectUniqueName20 = common\\ServiceAgents.Common\\ServiceAgents.Common.csproj
		SccProjectTopLevelParentUniqueName20 = Smartway.sln
		SccProjectName20 = common/ServiceAgents.Common
		SccLocalPath20 = common\\ServiceAgents.Common
		SccProjectUniqueName21 = common\\Web.Common\\Web.Common.csproj
		SccProjectTopLevelParentUniqueName21 = Smartway.sln
		SccProjectName21 = common/Web.Common
		SccLocalPath21 = common\\Web.Common
		SccProjectUniqueName22 = common\\WindowsService.Common\\WindowsService.Common.csproj
		SccProjectTopLevelParentUniqueName22 = Smartway.sln
		SccProjectName22 = common/WindowsService.Common
		SccLocalPath22 = common\\WindowsService.Common
		SccProjectUniqueName23 = web\\ServiceAgents.Smartway\\ServiceAgents.Smartway.csproj
		SccProjectTopLevelParentUniqueName23 = Smartway.sln
		SccProjectName23 = web/ServiceAgents.Smartway
		SccLocalPath23 = web\\ServiceAgents.Smartway
		SccProjectUniqueName24 = web\\Web.Smartway\\Web.Smartway.csproj
		SccProjectTopLevelParentUniqueName24 = Smartway.sln
		SccProjectName24 = web/Web.Smartway
		SccLocalPath24 = web\\Web.Smartway
	EndGlobalSection
EndGlobal
